
Microsoft Visual Studio Solution File, Format Version 12.00
# Visual Studio Version 16
VisualStudioVersion = 16.0.30413.136
MinimumVisualStudioVersion = 10.0.40219.1
Project("{FAE04EC0-301F-11D3-BF4B-00C04F79EFBC}") = "AVolatile", "AVolatile\AVolatile.csproj", "{76E8DA94-10D7-4B7B-84FD-B6E53E0D4392}"
EndProject
Project("{FAE04EC0-301F-11D3-BF4B-00C04F79EFBC}") = "BExercise", "BExercise\BExercise.csproj", "{70620704-75F0-40DC-ABF3-801C9C99F5B8}"
EndProject
Project("{FAE04EC0-301F-11D3-BF4B-00C04F79EFBC}") = "CThreadPriorities", "CThreadPriorities\CThreadPriorities.csproj", "{46BE4C7B-71A2-4201-88B9-D950CE49515F}"
EndProject
Project("{FAE04EC0-301F-11D3-BF4B-00C04F79EFBC}") = "DExceptions", "DExceptions\DExceptions.csproj", "{ED624635-53E6-4CD1-B764-0C54EB2E023D}"
EndProject
Project("{FAE04EC0-301F-11D3-BF4B-00C04F79EFBC}") = "FThreadCancellation", "FThreadCancellation\FThreadCancellation.csproj", "{C78F4A79-BBB2-4C3F-B103-D01A713654D9}"
EndProject
Global
	GlobalSection(SolutionConfigurationPlatforms) = preSolution
		Debug|Any CPU = Debug|Any CPU
		Release|Any CPU = Release|Any CPU
	EndGlobalSection
	GlobalSection(ProjectConfigurationPlatforms) = postSolution
		{76E8DA94-10D7-4B7B-84FD-B6E53E0D4392}.Debug|Any CPU.ActiveCfg = Debug|Any CPU
		{76E8DA94-10D7-4B7B-84FD-B6E53E0D4392}.Debug|Any CPU.Build.0 = Debug|Any CPU
		{76E8DA94-10D7-4B7B-84FD-B6E53E0D4392}.Release|Any CPU.ActiveCfg = Release|Any CPU
		{76E8DA94-10D7-4B7B-84FD-B6E53E0D4392}.Release|Any CPU.Build.0 = Release|Any CPU
		{70620704-75F0-40DC-ABF3-801C9C99F5B8}.Debug|Any CPU.ActiveCfg = Debug|Any CPU
		{70620704-75F0-40DC-ABF3-801C9C99F5B8}.Debug|Any CPU.Build.0 = Debug|Any CPU
		{70620704-75F0-40DC-ABF3-801C9C99F5B8}.Release|Any CPU.ActiveCfg = Release|Any CPU
		{70620704-75F0-40DC-ABF3-801C9C99F5B8}.Release|Any CPU.Build.0 = Release|Any CPU
		{46BE4C7B-71A2-4201-88B9-D950CE49515F}.Debug|Any CPU.ActiveCfg = Debug|Any CPU
		{46BE4C7B-71A2-4201-88B9-D950CE49515F}.Debug|Any CPU.Build.0 = Debug|Any CPU
		{46BE4C7B-71A2-4201-88B9-D950CE49515F}.Release|Any CPU.ActiveCfg = Release|Any CPU
		{46BE4C7B-71A2-4201-88B9-D950CE49515F}.Release|Any CPU.Build.0 = Release|Any CPU
		{ED624635-53E6-4CD1-B764-0C54EB2E023D}.Debug|Any CPU.ActiveCfg = Debug|Any CPU
		{ED624635-53E6-4CD1-B764-0C54EB2E023D}.Debug|Any CPU.Build.0 = Debug|Any CPU
		{ED624635-53E6-4CD1-B764-0C54EB2E023D}.Release|Any CPU.ActiveCfg = Release|Any CPU
		{ED624635-53E6-4CD1-B764-0C54EB2E023D}.Release|Any CPU.Build.0 = Release|Any CPU
		{C78F4A79-BBB2-4C3F-B103-D01A713654D9}.Debug|Any CPU.ActiveCfg = Debug|Any CPU
		{C78F4A79-BBB2-4C3F-B103-D01A713654D9}.Debug|Any CPU.Build.0 = Debug|Any CPU
		{C78F4A79-BBB2-4C3F-B103-D01A713654D9}.Release|Any CPU.ActiveCfg = Release|Any CPU
		{C78F4A79-BBB2-4C3F-B103-D01A713654D9}.Release|Any CPU.Build.0 = Release|Any CPU
	EndGlobalSection
	GlobalSection(SolutionProperties) = preSolution
		HideSolutionNode = FALSE
	EndGlobalSection
	GlobalSection(ExtensibilityGlobals) = postSolution
		SolutionGuid = {401B8D81-0140-44FC-B3A5-1F0A4EF4B391}
	EndGlobalSection
EndGlobal
