
Microsoft Visual Studio Solution File, Format Version 12.00
# Visual Studio Version 16
VisualStudioVersion = 16.0.30413.136
MinimumVisualStudioVersion = 10.0.40219.1
Project("{FAE04EC0-301F-11D3-BF4B-00C04F79EFBC}") = "AWhyLocking", "AWhyLocking\AWhyLocking.csproj", "{AD293E56-F8D4-4FD3-8EF6-759E45E13C64}"
EndProject
Project("{FAE04EC0-301F-11D3-BF4B-00C04F79EFBC}") = "BRandomSumLocking", "BRandomSumLocking\BRandomSumLocking.csproj", "{B32BF25F-2FAF-4BF9-A895-99864D77A84E}"
EndProject
Project("{FAE04EC0-301F-11D3-BF4B-00C04F79EFBC}") = "DLockingPerformance", "DLockingPerformance\DLockingPerformance.csproj", "{5A97F01A-8F19-4E28-A22D-2E1AAAB10B47}"
EndProject
Project("{FAE04EC0-301F-11D3-BF4B-00C04F79EFBC}") = "CLockingLists", "CLockingLists\CLockingLists.csproj", "{6C82AEBA-8C45-45FE-B0BE-BE45355EB679}"
EndProject
Project("{FAE04EC0-301F-11D3-BF4B-00C04F79EFBC}") = "EConcurrentCollections", "EConcurrentCollections\EConcurrentCollections.csproj", "{9D80C33B-6A10-4069-9BF7-5E9B2D0F92C8}"
EndProject
Global
	GlobalSection(SolutionConfigurationPlatforms) = preSolution
		Debug|Any CPU = Debug|Any CPU
		Release|Any CPU = Release|Any CPU
	EndGlobalSection
	GlobalSection(ProjectConfigurationPlatforms) = postSolution
		{AD293E56-F8D4-4FD3-8EF6-759E45E13C64}.Debug|Any CPU.ActiveCfg = Debug|Any CPU
		{AD293E56-F8D4-4FD3-8EF6-759E45E13C64}.Debug|Any CPU.Build.0 = Debug|Any CPU
		{AD293E56-F8D4-4FD3-8EF6-759E45E13C64}.Release|Any CPU.ActiveCfg = Release|Any CPU
		{AD293E56-F8D4-4FD3-8EF6-759E45E13C64}.Release|Any CPU.Build.0 = Release|Any CPU
		{B32BF25F-2FAF-4BF9-A895-99864D77A84E}.Debug|Any CPU.ActiveCfg = Debug|Any CPU
		{B32BF25F-2FAF-4BF9-A895-99864D77A84E}.Debug|Any CPU.Build.0 = Debug|Any CPU
		{B32BF25F-2FAF-4BF9-A895-99864D77A84E}.Release|Any CPU.ActiveCfg = Release|Any CPU
		{B32BF25F-2FAF-4BF9-A895-99864D77A84E}.Release|Any CPU.Build.0 = Release|Any CPU
		{5A97F01A-8F19-4E28-A22D-2E1AAAB10B47}.Debug|Any CPU.ActiveCfg = Debug|Any CPU
		{5A97F01A-8F19-4E28-A22D-2E1AAAB10B47}.Debug|Any CPU.Build.0 = Debug|Any CPU
		{5A97F01A-8F19-4E28-A22D-2E1AAAB10B47}.Release|Any CPU.ActiveCfg = Release|Any CPU
		{5A97F01A-8F19-4E28-A22D-2E1AAAB10B47}.Release|Any CPU.Build.0 = Release|Any CPU
		{6C82AEBA-8C45-45FE-B0BE-BE45355EB679}.Debug|Any CPU.ActiveCfg = Debug|Any CPU
		{6C82AEBA-8C45-45FE-B0BE-BE45355EB679}.Debug|Any CPU.Build.0 = Debug|Any CPU
		{6C82AEBA-8C45-45FE-B0BE-BE45355EB679}.Release|Any CPU.ActiveCfg = Release|Any CPU
		{6C82AEBA-8C45-45FE-B0BE-BE45355EB679}.Release|Any CPU.Build.0 = Release|Any CPU
		{9D80C33B-6A10-4069-9BF7-5E9B2D0F92C8}.Debug|Any CPU.ActiveCfg = Debug|Any CPU
		{9D80C33B-6A10-4069-9BF7-5E9B2D0F92C8}.Debug|Any CPU.Build.0 = Debug|Any CPU
		{9D80C33B-6A10-4069-9BF7-5E9B2D0F92C8}.Release|Any CPU.ActiveCfg = Release|Any CPU
		{9D80C33B-6A10-4069-9BF7-5E9B2D0F92C8}.Release|Any CPU.Build.0 = Release|Any CPU
	EndGlobalSection
	GlobalSection(SolutionProperties) = preSolution
		HideSolutionNode = FALSE
	EndGlobalSection
	GlobalSection(ExtensibilityGlobals) = postSolution
		SolutionGuid = {A400ADE5-DD36-4ECF-B96B-075F2BB8E541}
	EndGlobalSection
EndGlobal
